<Solution>
  <Project Path="../product-catalog-ui/" Type="Website" DisplayName="product-catalog-ui">
    <BuildType Project="Debug" />
    <Properties Name="WebsiteProperties">
      <Property Name="Debug.AspNetCompiler.Debug" Value="&quot;True&quot;" />
      <Property Name="Debug.AspNetCompiler.FixedNames" Value="&quot;false&quot;" />
      <Property Name="Debug.AspNetCompiler.ForceOverwrite" Value="&quot;true&quot;" />
      <Property Name="Debug.AspNetCompiler.PhysicalPath" Value="&quot;..\product-catalog-ui\&quot;" />
      <Property Name="Debug.AspNetCompiler.TargetPath" Value="&quot;PrecompiledWeb\localhost_64686\&quot;" />
      <Property Name="Debug.AspNetCompiler.Updateable" Value="&quot;true&quot;" />
      <Property Name="Debug.AspNetCompiler.VirtualPath" Value="&quot;/localhost_64686&quot;" />
      <Property Name="Release.AspNetCompiler.Debug" Value="&quot;False&quot;" />
      <Property Name="Release.AspNetCompiler.FixedNames" Value="&quot;false&quot;" />
      <Property Name="Release.AspNetCompiler.ForceOverwrite" Value="&quot;true&quot;" />
      <Property Name="Release.AspNetCompiler.PhysicalPath" Value="&quot;..\product-catalog-ui\&quot;" />
      <Property Name="Release.AspNetCompiler.TargetPath" Value="&quot;PrecompiledWeb\localhost_64686\&quot;" />
      <Property Name="Release.AspNetCompiler.Updateable" Value="&quot;true&quot;" />
      <Property Name="Release.AspNetCompiler.VirtualPath" Value="&quot;/localhost_64686&quot;" />
      <Property Name="TargetFrameworkMoniker" Value="&quot;.NETFramework,Version%3Dv4.8&quot;" />
      <Property Name="VWDPort" Value="&quot;64686&quot;" />
    </Properties>
  </Project>
  <Project Path="../ProductCatalog.Application/ProductCatalog.Application.csproj" Id="32d22ba6-4fb6-4571-8261-2b6fdf076676" />
  <Project Path="../ProductCatalog.Domain/ProductCatalog.Domain.csproj" Id="73e61774-87d2-441a-8199-6908ff2f9d73" />
  <Project Path="../ProductCatalog.Infrastructure/ProductCatalog.Infrastructure.csproj" Id="99da1880-ee0f-44ba-9530-cbbaf71ba095" />
  <Project Path="ProductCatalog.API.csproj" />
</Solution>
